
Microsoft Visual Studio Solution File, Format Version 12.00
# Visual Studio Version 17
VisualStudioVersion = 17.9.34728.123
MinimumVisualStudioVersion = 10.0.40219.1
Project("{FAE04EC0-301F-11D3-BF4B-00C04F79EFBC}") = "ThesisMain", "ThesisMain.csproj", "{FF16E451-2316-42F8-94DF-071F3C9A409D}"
EndProject
Global
	GlobalSection(SolutionConfigurationPlatforms) = preSolution
		Debug|Any CPU = Debug|Any CPU
		Release|Any CPU = Release|Any CPU
	EndGlobalSection
	GlobalSection(ProjectConfigurationPlatforms) = postSolution
		{FF16E451-2316-42F8-94DF-071F3C9A409D}.Debug|Any CPU.ActiveCfg = Debug|Any CPU
		{FF16E451-2316-42F8-94DF-071F3C9A409D}.Debug|Any CPU.Build.0 = Debug|Any CPU
		{FF16E451-2316-42F8-94DF-071F3C9A409D}.Release|Any CPU.ActiveCfg = Release|Any CPU
		{FF16E451-2316-42F8-94DF-071F3C9A409D}.Release|Any CPU.Build.0 = Release|Any CPU
	EndGlobalSection
	GlobalSection(SolutionProperties) = preSolution
		HideSolutionNode = FALSE
	EndGlobalSection
	GlobalSection(ExtensibilityGlobals) = postSolution
		SolutionGuid = {0B1B9E46-B8C1-46FA-8660-7FE386C61C4E}
	EndGlobalSection
EndGlobal
